<?xml version="1.0" encoding="utf-8"?>
<Project ToolsVersion="4.0" xmlns="http://schemas.microsoft.com/developer/msbuild/2003">
  <ItemGroup>
    <ClCompile Include="test.cpp" />
    <ClCompile Include="pch.cpp" />
    <ClCompile Include="Test_Allocators.cpp">
      <Filter>Base\Allocators</Filter>
    </ClCompile>
    <ClCompile Include="test_FreeListAllocator.cpp">
      <Filter>Base\Allocators</Filter>
    </ClCompile>
    <ClCompile Include="test_LinearAllocator.cpp">
      <Filter>Base\Allocators</Filter>
    </ClCompile>
    <ClCompile Include="test_PoolAllocator.cpp">
      <Filter>Base\Allocators</Filter>
    </ClCompile>
    <ClCompile Include="test_ProxyAllocator.cpp">
      <Filter>Base\Allocators</Filter>
    </ClCompile>
    <ClCompile Include="test_StackAllocator.cpp">
      <Filter>Base\Allocators</Filter>
    </ClCompile>
    <ClCompile Include="test_MeshSanitizer.cpp">
      <Filter>Modules\Graphics</Filter>
    </ClCompile>
    <ClCompile Include="test_AssignSanitizer.cpp">
      <Filter>Modules\Input</Filter>
    </ClCompile>
    <ClCompile Include="pch_allocators.cpp">
      <Filter>Base\Allocators</Filter>
    </ClCompile>
    <ClCompile Include="test_MasqueradeAllocator.cpp">
      <Filter>Base\Allocators</Filter>
    </ClCompile>
  </ItemGroup>
  <ItemGroup>
    <ClInclude Include="pch.h" />
    <ClInclude Include="pch_allocators.h">
      <Filter>Base\Allocators</Filter>
    </ClInclude>
  </ItemGroup>
  <ItemGroup>
    <Filter Include="Base">
      <UniqueIdentifier>{759e8752-b30e-4c28-9a2e-38ec682eaa8e}</UniqueIdentifier>
    </Filter>
    <Filter Include="Base\Math">
      <UniqueIdentifier>{857edcee-97ae-43af-9e52-84576bca693d}</UniqueIdentifier>
    </Filter>
    <Filter Include="Base\Allocators">
      <UniqueIdentifier>{d744b50e-efee-40b3-96d9-2f06b5df750f}</UniqueIdentifier>
    </Filter>
    <Filter Include="Modules">
      <UniqueIdentifier>{fa2057ae-af8a-4aa0-8052-b64c7855b6dd}</UniqueIdentifier>
    </Filter>
    <Filter Include="Modules\Input">
      <UniqueIdentifier>{6d0b3a6a-b1d2-4e3a-beda-2849c486a680}</UniqueIdentifier>
    </Filter>
    <Filter Include="Modules\Graphics">
      <UniqueIdentifier>{bac25b5e-087b-4c54-baec-adb999cc7bb2}</UniqueIdentifier>
    </Filter>
  </ItemGroup>
  <ItemGroup>
    <None Include="packages.config" />
  </ItemGroup>
</Project>